
Microsoft Visual Studio Solution File, Format Version 12.00
# Visual Studio Version 16
VisualStudioVersion = 16.0.30413.136
MinimumVisualStudioVersion = 10.0.40219.1
Project("{FAE04EC0-301F-11D3-BF4B-00C04F79EFBC}") = "WinAppWatcher", "WinAppWatcher\WinAppWatcher.csproj", "{1E3D695E-4DAE-47A6-8E81-8C1780359EB8}"
EndProject
Global
	GlobalSection(SolutionConfigurationPlatforms) = preSolution
		Debug|Any CPU = Debug|Any CPU
		Release|Any CPU = Release|Any CPU
	EndGlobalSection
	GlobalSection(ProjectConfigurationPlatforms) = postSolution
		{1E3D695E-4DAE-47A6-8E81-8C1780359EB8}.Debug|Any CPU.ActiveCfg = Debug|Any CPU
		{1E3D695E-4DAE-47A6-8E81-8C1780359EB8}.Debug|Any CPU.Build.0 = Debug|Any CPU
		{1E3D695E-4DAE-47A6-8E81-8C1780359EB8}.Release|Any CPU.ActiveCfg = Release|Any CPU
		{1E3D695E-4DAE-47A6-8E81-8C1780359EB8}.Release|Any CPU.Build.0 = Release|Any CPU
	EndGlobalSection
	GlobalSection(SolutionProperties) = preSolution
		HideSolutionNode = FALSE
	EndGlobalSection
	GlobalSection(ExtensibilityGlobals) = postSolution
		SolutionGuid = {1FD823D2-DECE-458E-9278-8740FB3B3875}
	EndGlobalSection
EndGlobal
